
Microsoft Visual Studio Solution File, Format Version 12.00
# Visual Studio Version 17
VisualStudioVersion = 17.5.002.0
MinimumVisualStudioVersion = 10.0.40219.1
Project("{2150E333-8FDC-42A3-9474-1A3956D46DE8}") = "csharp-prep", "csharp-prep", "{256E361B-C9EB-43BC-AC19-B2FAAB50F66F}"
EndProject
Project("{9A19103F-16F7-4668-BE54-9A1E7A4F7556}") = "Prep1", "csharp-prep\Prep1\Prep1.csproj", "{E12A5B7C-A336-450E-9F2F-38C916948C2C}"
EndProject
Project("{9A19103F-16F7-4668-BE54-9A1E7A4F7556}") = "Prep2", "csharp-prep\Prep2\Prep2.csproj", "{3C24A0F8-0163-4239-B9D5-913A732A5514}"
EndProject
Project("{9A19103F-16F7-4668-BE54-9A1E7A4F7556}") = "Prep3", "csharp-prep\Prep3\Prep3.csproj", "{CC401827-567E-4A43-A19E-D16C263CD269}"
EndProject
Project("{9A19103F-16F7-4668-BE54-9A1E7A4F7556}") = "Prep4", "csharp-prep\Prep4\Prep4.csproj", "{86F0A3D1-7AED-46EF-8185-95FE6E04FE5B}"
EndProject
Project("{9A19103F-16F7-4668-BE54-9A1E7A4F7556}") = "Prep5", "csharp-prep\Prep5\Prep5.csproj", "{B2FFBC8B-244B-4B17-9721-516DF0DB54F4}"
EndProject
Project("{2150E333-8FDC-42A3-9474-1A3956D46DE8}") = "final", "final", "{C7815A0A-0712-4C20-A42E-8B1848509F1E}"
EndProject
Project("{9A19103F-16F7-4668-BE54-9A1E7A4F7556}") = "FinalProject", "final\FinalProject\FinalProject.csproj", "{AD62112E-FF09-499A-9885-9C18ECB9D0D3}"
EndProject
Project("{9A19103F-16F7-4668-BE54-9A1E7A4F7556}") = "Foundation1", "final\Foundation1\Foundation1.csproj", "{5E882AA8-B68A-4E24-8138-572E42BBBFBF}"
EndProject
Project("{9A19103F-16F7-4668-BE54-9A1E7A4F7556}") = "Foundation2", "final\Foundation2\Foundation2.csproj", "{438F8D28-2580-4B61-AC1C-A316DE583F1C}"
EndProject
Project("{9A19103F-16F7-4668-BE54-9A1E7A4F7556}") = "Foundation3", "final\Foundation3\Foundation3.csproj", "{FFD565BD-4860-4260-A07F-F41AA1A2D51A}"
EndProject
Project("{9A19103F-16F7-4668-BE54-9A1E7A4F7556}") = "Foundation4", "final\Foundation4\Foundation4.csproj", "{90DF73AF-DBA4-435F-A7ED-EA54994DD8FF}"
EndProject
Project("{2150E333-8FDC-42A3-9474-1A3956D46DE8}") = "prepare", "prepare", "{52E4E7A7-4115-4E53-A60F-1CDD7AF9928D}"
EndProject
Project("{9A19103F-16F7-4668-BE54-9A1E7A4F7556}") = "Learning02", "prepare\Learning02\Learning02.csproj", "{E143F0CF-40B5-47C0-A1AE-42F8DC1F8E49}"
EndProject
Project("{9A19103F-16F7-4668-BE54-9A1E7A4F7556}") = "Learning03", "prepare\Learning03\Learning03.csproj", "{C3A8D734-6D0A-4545-99D4-D584586B4A96}"
EndProject
Project("{9A19103F-16F7-4668-BE54-9A1E7A4F7556}") = "Learning04", "prepare\Learning04\Learning04.csproj", "{4D671147-94F8-4D51-B06E-A11EAC020738}"
EndProject
Project("{9A19103F-16F7-4668-BE54-9A1E7A4F7556}") = "Learning05", "prepare\Learning05\Learning05.csproj", "{C3B4FFF6-2821-4104-8CE3-B17134533D84}"
EndProject
Project("{2150E333-8FDC-42A3-9474-1A3956D46DE8}") = "prove", "prove", "{E6805B15-DDA6-4DE3-B1C6-A0423690BBF1}"
EndProject
Project("{9A19103F-16F7-4668-BE54-9A1E7A4F7556}") = "Develop02", "prove\Develop02\Develop02.csproj", "{33408670-2A50-4B2E-B48A-0909EFFAD470}"
EndProject
Project("{9A19103F-16F7-4668-BE54-9A1E7A4F7556}") = "Develop03", "prove\Develop03\Develop03.csproj", "{F7BE90FB-BDD1-4A3D-8C6F-5271FFCC9216}"
EndProject
Project("{9A19103F-16F7-4668-BE54-9A1E7A4F7556}") = "Develop04", "prove\Develop04\Develop04.csproj", "{BAB99B73-F761-481D-84AF-70FF52A803BC}"
EndProject
Project("{9A19103F-16F7-4668-BE54-9A1E7A4F7556}") = "Develop05", "prove\Develop05\Develop05.csproj", "{622AD91E-840A-4724-B90A-E505A6289646}"
EndProject
Project("{2150E333-8FDC-42A3-9474-1A3956D46DE8}") = "sandbox", "sandbox", "{D514A93C-A431-4FEB-B909-841EB3029350}"
EndProject
Project("{9A19103F-16F7-4668-BE54-9A1E7A4F7556}") = "Sandbox", "sandbox\Sandbox\Sandbox.csproj", "{D27E39A8-359B-41FA-BB15-2918E6E898F7}"
EndProject
Global
	GlobalSection(SolutionConfigurationPlatforms) = preSolution
		Debug|Any CPU = Debug|Any CPU
		Release|Any CPU = Release|Any CPU
	EndGlobalSection
	GlobalSection(ProjectConfigurationPlatforms) = postSolution
		{E12A5B7C-A336-450E-9F2F-38C916948C2C}.Debug|Any CPU.ActiveCfg = Debug|Any CPU
		{E12A5B7C-A336-450E-9F2F-38C916948C2C}.Debug|Any CPU.Build.0 = Debug|Any CPU
		{E12A5B7C-A336-450E-9F2F-38C916948C2C}.Release|Any CPU.ActiveCfg = Release|Any CPU
		{E12A5B7C-A336-450E-9F2F-38C916948C2C}.Release|Any CPU.Build.0 = Release|Any CPU
		{3C24A0F8-0163-4239-B9D5-913A732A5514}.Debug|Any CPU.ActiveCfg = Debug|Any CPU
		{3C24A0F8-0163-4239-B9D5-913A732A5514}.Debug|Any CPU.Build.0 = Debug|Any CPU
		{3C24A0F8-0163-4239-B9D5-913A732A5514}.Release|Any CPU.ActiveCfg = Release|Any CPU
		{3C24A0F8-0163-4239-B9D5-913A732A5514}.Release|Any CPU.Build.0 = Release|Any CPU
		{CC401827-567E-4A43-A19E-D16C263CD269}.Debug|Any CPU.ActiveCfg = Debug|Any CPU
		{CC401827-567E-4A43-A19E-D16C263CD269}.Debug|Any CPU.Build.0 = Debug|Any CPU
		{CC401827-567E-4A43-A19E-D16C263CD269}.Release|Any CPU.ActiveCfg = Release|Any CPU
		{CC401827-567E-4A43-A19E-D16C263CD269}.Release|Any CPU.Build.0 = Release|Any CPU
		{86F0A3D1-7AED-46EF-8185-95FE6E04FE5B}.Debug|Any CPU.ActiveCfg = Debug|Any CPU
		{86F0A3D1-7AED-46EF-8185-95FE6E04FE5B}.Debug|Any CPU.Build.0 = Debug|Any CPU
		{86F0A3D1-7AED-46EF-8185-95FE6E04FE5B}.Release|Any CPU.ActiveCfg = Release|Any CPU
		{86F0A3D1-7AED-46EF-8185-95FE6E04FE5B}.Release|Any CPU.Build.0 = Release|Any CPU
		{B2FFBC8B-244B-4B17-9721-516DF0DB54F4}.Debug|Any CPU.ActiveCfg = Debug|Any CPU
		{B2FFBC8B-244B-4B17-9721-516DF0DB54F4}.Debug|Any CPU.Build.0 = Debug|Any CPU
		{B2FFBC8B-244B-4B17-9721-516DF0DB54F4}.Release|Any CPU.ActiveCfg = Release|Any CPU
		{B2FFBC8B-244B-4B17-9721-516DF0DB54F4}.Release|Any CPU.Build.0 = Release|Any CPU
		{AD62112E-FF09-499A-9885-9C18ECB9D0D3}.Debug|Any CPU.ActiveCfg = Debug|Any CPU
		{AD62112E-FF09-499A-9885-9C18ECB9D0D3}.Debug|Any CPU.Build.0 = Debug|Any CPU
		{AD62112E-FF09-499A-9885-9C18ECB9D0D3}.Release|Any CPU.ActiveCfg = Release|Any CPU
		{AD62112E-FF09-499A-9885-9C18ECB9D0D3}.Release|Any CPU.Build.0 = Release|Any CPU
		{5E882AA8-B68A-4E24-8138-572E42BBBFBF}.Debug|Any CPU.ActiveCfg = Debug|Any CPU
		{5E882AA8-B68A-4E24-8138-572E42BBBFBF}.Debug|Any CPU.Build.0 = Debug|Any CPU
		{5E882AA8-B68A-4E24-8138-572E42BBBFBF}.Release|Any CPU.ActiveCfg = Release|Any CPU
		{5E882AA8-B68A-4E24-8138-572E42BBBFBF}.Release|Any CPU.Build.0 = Release|Any CPU
		{438F8D28-2580-4B61-AC1C-A316DE583F1C}.Debug|Any CPU.ActiveCfg = Debug|Any CPU
		{438F8D28-2580-4B61-AC1C-A316DE583F1C}.Debug|Any CPU.Build.0 = Debug|Any CPU
		{438F8D28-2580-4B61-AC1C-A316DE583F1C}.Release|Any CPU.ActiveCfg = Release|Any CPU
		{438F8D28-2580-4B61-AC1C-A316DE583F1C}.Release|Any CPU.Build.0 = Release|Any CPU
		{FFD565BD-4860-4260-A07F-F41AA1A2D51A}.Debug|Any CPU.ActiveCfg = Debug|Any CPU
		{FFD565BD-4860-4260-A07F-F41AA1A2D51A}.Debug|Any CPU.Build.0 = Debug|Any CPU
		{FFD565BD-4860-4260-A07F-F41AA1A2D51A}.Release|Any CPU.ActiveCfg = Release|Any CPU
		{FFD565BD-4860-4260-A07F-F41AA1A2D51A}.Release|Any CPU.Build.0 = Release|Any CPU
		{90DF73AF-DBA4-435F-A7ED-EA54994DD8FF}.Debug|Any CPU.ActiveCfg = Debug|Any CPU
		{90DF73AF-DBA4-435F-A7ED-EA54994DD8FF}.Debug|Any CPU.Build.0 = Debug|Any CPU
		{90DF73AF-DBA4-435F-A7ED-EA54994DD8FF}.Release|Any CPU.ActiveCfg = Release|Any CPU
		{90DF73AF-DBA4-435F-A7ED-EA54994DD8FF}.Release|Any CPU.Build.0 = Release|Any CPU
		{E143F0CF-40B5-47C0-A1AE-42F8DC1F8E49}.Debug|Any CPU.ActiveCfg = Debug|Any CPU
		{E143F0CF-40B5-47C0-A1AE-42F8DC1F8E49}.Debug|Any CPU.Build.0 = Debug|Any CPU
		{E143F0CF-40B5-47C0-A1AE-42F8DC1F8E49}.Release|Any CPU.ActiveCfg = Release|Any CPU
		{E143F0CF-40B5-47C0-A1AE-42F8DC1F8E49}.Release|Any CPU.Build.0 = Release|Any CPU
		{C3A8D734-6D0A-4545-99D4-D584586B4A96}.Debug|Any CPU.ActiveCfg = Debug|Any CPU
		{C3A8D734-6D0A-4545-99D4-D584586B4A96}.Debug|Any CPU.Build.0 = Debug|Any CPU
		{C3A8D734-6D0A-4545-99D4-D584586B4A96}.Release|Any CPU.ActiveCfg = Release|Any CPU
		{C3A8D734-6D0A-4545-99D4-D584586B4A96}.Release|Any CPU.Build.0 = Release|Any CPU
		{4D671147-94F8-4D51-B06E-A11EAC020738}.Debug|Any CPU.ActiveCfg = Debug|Any CPU
		{4D671147-94F8-4D51-B06E-A11EAC020738}.Debug|Any CPU.Build.0 = Debug|Any CPU
		{4D671147-94F8-4D51-B06E-A11EAC020738}.Release|Any CPU.ActiveCfg = Release|Any CPU
		{4D671147-94F8-4D51-B06E-A11EAC020738}.Release|Any CPU.Build.0 = Release|Any CPU
		{C3B4FFF6-2821-4104-8CE3-B17134533D84}.Debug|Any CPU.ActiveCfg = Debug|Any CPU
		{C3B4FFF6-2821-4104-8CE3-B17134533D84}.Debug|Any CPU.Build.0 = Debug|Any CPU
		{C3B4FFF6-2821-4104-8CE3-B17134533D84}.Release|Any CPU.ActiveCfg = Release|Any CPU
		{C3B4FFF6-2821-4104-8CE3-B17134533D84}.Release|Any CPU.Build.0 = Release|Any CPU
		{33408670-2A50-4B2E-B48A-0909EFFAD470}.Debug|Any CPU.ActiveCfg = Debug|Any CPU
		{33408670-2A50-4B2E-B48A-0909EFFAD470}.Debug|Any CPU.Build.0 = Debug|Any CPU
		{33408670-2A50-4B2E-B48A-0909EFFAD470}.Release|Any CPU.ActiveCfg = Release|Any CPU
		{33408670-2A50-4B2E-B48A-0909EFFAD470}.Release|Any CPU.Build.0 = Release|Any CPU
		{F7BE90FB-BDD1-4A3D-8C6F-5271FFCC9216}.Debug|Any CPU.ActiveCfg = Debug|Any CPU
		{F7BE90FB-BDD1-4A3D-8C6F-5271FFCC9216}.Debug|Any CPU.Build.0 = Debug|Any CPU
		{F7BE90FB-BDD1-4A3D-8C6F-5271FFCC9216}.Release|Any CPU.ActiveCfg = Release|Any CPU
		{F7BE90FB-BDD1-4A3D-8C6F-5271FFCC9216}.Release|Any CPU.Build.0 = Release|Any CPU
		{BAB99B73-F761-481D-84AF-70FF52A803BC}.Debug|Any CPU.ActiveCfg = Debug|Any CPU
		{BAB99B73-F761-481D-84AF-70FF52A803BC}.Debug|Any CPU.Build.0 = Debug|Any CPU
		{BAB99B73-F761-481D-84AF-70FF52A803BC}.Release|Any CPU.ActiveCfg = Release|Any CPU
		{BAB99B73-F761-481D-84AF-70FF52A803BC}.Release|Any CPU.Build.0 = Release|Any CPU
		{622AD91E-840A-4724-B90A-E505A6289646}.Debug|Any CPU.ActiveCfg = Debug|Any CPU
		{622AD91E-840A-4724-B90A-E505A6289646}.Debug|Any CPU.Build.0 = Debug|Any CPU
		{622AD91E-840A-4724-B90A-E505A6289646}.Release|Any CPU.ActiveCfg = Release|Any CPU
		{622AD91E-840A-4724-B90A-E505A6289646}.Release|Any CPU.Build.0 = Release|Any CPU
		{D27E39A8-359B-41FA-BB15-2918E6E898F7}.Debug|Any CPU.ActiveCfg = Debug|Any CPU
		{D27E39A8-359B-41FA-BB15-2918E6E898F7}.Debug|Any CPU.Build.0 = Debug|Any CPU
		{D27E39A8-359B-41FA-BB15-2918E6E898F7}.Release|Any CPU.ActiveCfg = Release|Any CPU
		{D27E39A8-359B-41FA-BB15-2918E6E898F7}.Release|Any CPU.Build.0 = Release|Any CPU
	EndGlobalSection
	GlobalSection(SolutionProperties) = preSolution
		HideSolutionNode = FALSE
	EndGlobalSection
	GlobalSection(NestedProjects) = preSolution
		{E12A5B7C-A336-450E-9F2F-38C916948C2C} = {256E361B-C9EB-43BC-AC19-B2FAAB50F66F}
		{3C24A0F8-0163-4239-B9D5-913A732A5514} = {256E361B-C9EB-43BC-AC19-B2FAAB50F66F}
		{CC401827-567E-4A43-A19E-D16C263CD269} = {256E361B-C9EB-43BC-AC19-B2FAAB50F66F}
		{86F0A3D1-7AED-46EF-8185-95FE6E04FE5B} = {256E361B-C9EB-43BC-AC19-B2FAAB50F66F}
		{B2FFBC8B-244B-4B17-9721-516DF0DB54F4} = {256E361B-C9EB-43BC-AC19-B2FAAB50F66F}
		{AD62112E-FF09-499A-9885-9C18ECB9D0D3} = {C7815A0A-0712-4C20-A42E-8B1848509F1E}
		{5E882AA8-B68A-4E24-8138-572E42BBBFBF} = {C7815A0A-0712-4C20-A42E-8B1848509F1E}
		{438F8D28-2580-4B61-AC1C-A316DE583F1C} = {C7815A0A-0712-4C20-A42E-8B1848509F1E}
		{FFD565BD-4860-4260-A07F-F41AA1A2D51A} = {C7815A0A-0712-4C20-A42E-8B1848509F1E}
		{90DF73AF-DBA4-435F-A7ED-EA54994DD8FF} = {C7815A0A-0712-4C20-A42E-8B1848509F1E}
		{E143F0CF-40B5-47C0-A1AE-42F8DC1F8E49} = {52E4E7A7-4115-4E53-A60F-1CDD7AF9928D}
		{C3A8D734-6D0A-4545-99D4-D584586B4A96} = {52E4E7A7-4115-4E53-A60F-1CDD7AF9928D}
		{4D671147-94F8-4D51-B06E-A11EAC020738} = {52E4E7A7-4115-4E53-A60F-1CDD7AF9928D}
		{C3B4FFF6-2821-4104-8CE3-B17134533D84} = {52E4E7A7-4115-4E53-A60F-1CDD7AF9928D}
		{33408670-2A50-4B2E-B48A-0909EFFAD470} = {E6805B15-DDA6-4DE3-B1C6-A0423690BBF1}
		{F7BE90FB-BDD1-4A3D-8C6F-5271FFCC9216} = {E6805B15-DDA6-4DE3-B1C6-A0423690BBF1}
		{BAB99B73-F761-481D-84AF-70FF52A803BC} = {E6805B15-DDA6-4DE3-B1C6-A0423690BBF1}
		{622AD91E-840A-4724-B90A-E505A6289646} = {E6805B15-DDA6-4DE3-B1C6-A0423690BBF1}
		{D27E39A8-359B-41FA-BB15-2918E6E898F7} = {D514A93C-A431-4FEB-B909-841EB3029350}
	EndGlobalSection
	GlobalSection(ExtensibilityGlobals) = postSolution
		SolutionGuid = {6D9E4FC8-F03B-4C25-8C9A-AF2BD10420A2}
	EndGlobalSection
EndGlobal
